
Microsoft Visual Studio Solution File, Format Version 12.00
# Visual Studio Version 17
VisualStudioVersion = 17.14.36202.13 d17.14
MinimumVisualStudioVersion = 10.0.40219.1
Project("{FAE04EC0-301F-11D3-BF4B-00C04F79EFBC}") = "DevCodingTest-StoriesAPI", "DevCodingTest-StoriesAPI.csproj", "{8ACA69E2-8E83-4B7A-9D18-B1683550FB53}"
EndProject
Global
	GlobalSection(SolutionConfigurationPlatforms) = preSolution
		Debug|Any CPU = Debug|Any CPU
		Release|Any CPU = Release|Any CPU
	EndGlobalSection
	GlobalSection(ProjectConfigurationPlatforms) = postSolution
		{8ACA69E2-8E83-4B7A-9D18-B1683550FB53}.Debug|Any CPU.ActiveCfg = Debug|Any CPU
		{8ACA69E2-8E83-4B7A-9D18-B1683550FB53}.Debug|Any CPU.Build.0 = Debug|Any CPU
		{8ACA69E2-8E83-4B7A-9D18-B1683550FB53}.Release|Any CPU.ActiveCfg = Release|Any CPU
		{8ACA69E2-8E83-4B7A-9D18-B1683550FB53}.Release|Any CPU.Build.0 = Release|Any CPU
	EndGlobalSection
	GlobalSection(SolutionProperties) = preSolution
		HideSolutionNode = FALSE
	EndGlobalSection
	GlobalSection(ExtensibilityGlobals) = postSolution
		SolutionGuid = {9EB954D1-ABD6-4C12-992A-6111434C4553}
	EndGlobalSection
EndGlobal
